
Microsoft Visual Studio Solution File, Format Version 12.00
# Visual Studio Version 17
VisualStudioVersion = 17.5.002.0
MinimumVisualStudioVersion = 10.0.40219.1
Project("{9A19103F-16F7-4668-BE54-9A1E7A4F7556}") = "desafio-fundamentos-dio", "desafio-fundamentos-dio.csproj", "{7E73FB52-9390-4DAA-A2B5-0C979FA8B6DC}"
EndProject
Global
	GlobalSection(SolutionConfigurationPlatforms) = preSolution
		Debug|Any CPU = Debug|Any CPU
		Release|Any CPU = Release|Any CPU
	EndGlobalSection
	GlobalSection(ProjectConfigurationPlatforms) = postSolution
		{7E73FB52-9390-4DAA-A2B5-0C979FA8B6DC}.Debug|Any CPU.ActiveCfg = Debug|Any CPU
		{7E73FB52-9390-4DAA-A2B5-0C979FA8B6DC}.Debug|Any CPU.Build.0 = Debug|Any CPU
		{7E73FB52-9390-4DAA-A2B5-0C979FA8B6DC}.Release|Any CPU.ActiveCfg = Release|Any CPU
		{7E73FB52-9390-4DAA-A2B5-0C979FA8B6DC}.Release|Any CPU.Build.0 = Release|Any CPU
	EndGlobalSection
	GlobalSection(SolutionProperties) = preSolution
		HideSolutionNode = FALSE
	EndGlobalSection
	GlobalSection(ExtensibilityGlobals) = postSolution
		SolutionGuid = {16C5C049-F733-4231-85DB-BD6F5EA3DE42}
	EndGlobalSection
EndGlobal
